// !$*UTF8*$!
{
	archiveVersion = 1;
	classes = {
	};
	objectVersion = 50;
	objects = {

/* Begin PBXBuildFile section */
		2F1648116130FCC2D81AABF0 /* Pods_Project_4_Clark_Branden.framework in Frameworks */ = {isa = PBXBuildFile; fileRef = 3F990DCA20F072F6121100D4 /* Pods_Project_4_Clark_Branden.framework */; };
		846435D421B89D0300972E6A /* JobDetailController.swift in Sources */ = {isa = PBXBuildFile; fileRef = 846435D321B89D0300972E6A /* JobDetailController.swift */; };
		846435D821B89D8200972E6A /* JobListController.swift in Sources */ = {isa = PBXBuildFile; fileRef = 846435D721B89D8200972E6A /* JobListController.swift */; };
		847752A521BC4ED300D42945 /* EquipmentManagerDatabase.swift in Sources */ = {isa = PBXBuildFile; fileRef = 847752A421BC4ED300D42945 /* EquipmentManagerDatabase.swift */; };
		8488482821B9E97D00AEEF39 /* NewJobController.swift in Sources */ = {isa = PBXBuildFile; fileRef = 8488482721B9E97D00AEEF39 /* NewJobController.swift */; };
		84D5A81621B0C2720057F486 /* AppDelegate.swift in Sources */ = {isa = PBXBuildFile; fileRef = 84D5A81521B0C2720057F486 /* AppDelegate.swift */; };
		84D5A81B21B0C2720057F486 /* Main.storyboard in Resources */ = {isa = PBXBuildFile; fileRef = 84D5A81921B0C2720057F486 /* Main.storyboard */; };
		84D5A81D21B0C2730057F486 /* Assets.xcassets in Resources */ = {isa = PBXBuildFile; fileRef = 84D5A81C21B0C2730057F486 /* Assets.xcassets */; };
		84D5A82021B0C2730057F486 /* LaunchScreen.storyboard in Resources */ = {isa = PBXBuildFile; fileRef = 84D5A81E21B0C2730057F486 /* LaunchScreen.storyboard */; };
		84D5A82D21B0C5050057F486 /* Equipment.swift in Sources */ = {isa = PBXBuildFile; fileRef = 84D5A82C21B0C5050057F486 /* Equipment.swift */; };
		84D5A82F21B0C50E0057F486 /* Job.swift in Sources */ = {isa = PBXBuildFile; fileRef = 84D5A82E21B0C50E0057F486 /* Job.swift */; };
/* End PBXBuildFile section */

/* Begin PBXFileReference section */
		3F990DCA20F072F6121100D4 /* Pods_Project_4_Clark_Branden.framework */ = {isa = PBXFileReference; explicitFileType = wrapper.framework; includeInIndex = 0; path = Pods_Project_4_Clark_Branden.framework; sourceTree = BUILT_PRODUCTS_DIR; };
		6551B0BF729A8C7CBAEACA5A /* Pods-Project 4 Clark Branden.debug.xcconfig */ = {isa = PBXFileReference; includeInIndex = 1; lastKnownFileType = text.xcconfig; name = "Pods-Project 4 Clark Branden.debug.xcconfig"; path = "Pods/Target Support Files/Pods-Project 4 Clark Branden/Pods-Project 4 Clark Branden.debug.xcconfig"; sourceTree = "<group>"; };
		846435D321B89D0300972E6A /* JobDetailController.swift */ = {isa = PBXFileReference; lastKnownFileType = sourcecode.swift; path = JobDetailController.swift; sourceTree = "<group>"; };
		846435D721B89D8200972E6A /* JobListController.swift */ = {isa = PBXFileReference; lastKnownFileType = sourcecode.swift; path = JobListController.swift; sourceTree = "<group>"; };
		847752A421BC4ED300D42945 /* EquipmentManagerDatabase.swift */ = {isa = PBXFileReference; lastKnownFileType = sourcecode.swift; path = EquipmentManagerDatabase.swift; sourceTree = "<group>"; };
		8488482721B9E97D00AEEF39 /* NewJobController.swift */ = {isa = PBXFileReference; lastKnownFileType = sourcecode.swift; path = NewJobController.swift; sourceTree = "<group>"; };
		84D5A81221B0C2720057F486 /* Project 4 Clark Branden.app */ = {isa = PBXFileReference; explicitFileType = wrapper.application; includeInIndex = 0; path = "Project 4 Clark Branden.app"; sourceTree = BUILT_PRODUCTS_DIR; };
		84D5A81521B0C2720057F486 /* AppDelegate.swift */ = {isa = PBXFileReference; lastKnownFileType = sourcecode.swift; path = AppDelegate.swift; sourceTree = "<group>"; };
		84D5A81A21B0C2720057F486 /* Base */ = {isa = PBXFileReference; lastKnownFileType = file.storyboard; name = Base; path = Base.lproj/Main.storyboard; sourceTree = "<group>"; };
		84D5A81C21B0C2730057F486 /* Assets.xcassets */ = {isa = PBXFileReference; lastKnownFileType = folder.assetcatalog; path = Assets.xcassets; sourceTree = "<group>"; };
		84D5A81F21B0C2730057F486 /* Base */ = {isa = PBXFileReference; lastKnownFileType = file.storyboard; name = Base; path = Base.lproj/LaunchScreen.storyboard; sourceTree = "<group>"; };
		84D5A82121B0C2730057F486 /* Info.plist */ = {isa = PBXFileReference; lastKnownFileType = text.plist.xml; path = Info.plist; sourceTree = "<group>"; };
		84D5A82C21B0C5050057F486 /* Equipment.swift */ = {isa = PBXFileReference; lastKnownFileType = sourcecode.swift; path = Equipment.swift; sourceTree = "<group>"; };
		84D5A82E21B0C50E0057F486 /* Job.swift */ = {isa = PBXFileReference; lastKnownFileType = sourcecode.swift; path = Job.swift; sourceTree = "<group>"; };
		B9A2E0EA66E4395895DA63F2 /* Pods-Project 4 Clark Branden.release.xcconfig */ = {isa = PBXFileReference; includeInIndex = 1; lastKnownFileType = text.xcconfig; name = "Pods-Project 4 Clark Branden.release.xcconfig"; path = "Pods/Target Support Files/Pods-Project 4 Clark Branden/Pods-Project 4 Clark Branden.release.xcconfig"; sourceTree = "<group>"; };
/* End PBXFileReference section */

/* Begin PBXFrameworksBuildPhase section */
		84D5A80F21B0C2710057F486 /* Frameworks */ = {
			isa = PBXFrameworksBuildPhase;
			buildActionMask = 2147483647;
			files = (
				2F1648116130FCC2D81AABF0 /* Pods_Project_4_Clark_Branden.framework in Frameworks */,
			);
			runOnlyForDeploymentPostprocessing = 0;
		};
/* End PBXFrameworksBuildPhase section */

/* Begin PBXGroup section */
		299A077718E46B2558836F19 /* Frameworks */ = {
			isa = PBXGroup;
			children = (
				3F990DCA20F072F6121100D4 /* Pods_Project_4_Clark_Branden.framework */,
			);
			name = Frameworks;
			sourceTree = "<group>";
		};
		84D5A80921B0C2710057F486 = {
			isa = PBXGroup;
			children = (
				84D5A81421B0C2720057F486 /* Project 4 Clark Branden */,
				84D5A81321B0C2720057F486 /* Products */,
				A160E2B62F9405D37538A616 /* Pods */,
				299A077718E46B2558836F19 /* Frameworks */,
			);
			sourceTree = "<group>";
		};
		84D5A81321B0C2720057F486 /* Products */ = {
			isa = PBXGroup;
			children = (
				84D5A81221B0C2720057F486 /* Project 4 Clark Branden.app */,
			);
			name = Products;
			sourceTree = "<group>";
		};
		84D5A81421B0C2720057F486 /* Project 4 Clark Branden */ = {
			isa = PBXGroup;
			children = (
				84D5A82A21B0C44E0057F486 /* Model */,
				84D5A82921B0C44B0057F486 /* View */,
				84D5A82821B0C4490057F486 /* Controller */,
				84D5A82B21B0C4630057F486 /* Supporting Files */,
			);
			path = "Project 4 Clark Branden";
			sourceTree = "<group>";
		};
		84D5A82821B0C4490057F486 /* Controller */ = {
			isa = PBXGroup;
			children = (
				84D5A81521B0C2720057F486 /* AppDelegate.swift */,
				846435D321B89D0300972E6A /* JobDetailController.swift */,
				846435D721B89D8200972E6A /* JobListController.swift */,
				8488482721B9E97D00AEEF39 /* NewJobController.swift */,
			);
			path = Controller;
			sourceTree = "<group>";
		};
		84D5A82921B0C44B0057F486 /* View */ = {
			isa = PBXGroup;
			children = (
				84D5A81E21B0C2730057F486 /* LaunchScreen.storyboard */,
				84D5A81921B0C2720057F486 /* Main.storyboard */,
			);
			path = View;
			sourceTree = "<group>";
		};
		84D5A82A21B0C44E0057F486 /* Model */ = {
			isa = PBXGroup;
			children = (
				84D5A82C21B0C5050057F486 /* Equipment.swift */,
				84D5A82E21B0C50E0057F486 /* Job.swift */,
				847752A421BC4ED300D42945 /* EquipmentManagerDatabase.swift */,
			);
			path = Model;
			sourceTree = "<group>";
		};
		84D5A82B21B0C4630057F486 /* Supporting Files */ = {
			isa = PBXGroup;
			children = (
				84D5A81C21B0C2730057F486 /* Assets.xcassets */,
				84D5A82121B0C2730057F486 /* Info.plist */,
			);
			name = "Supporting Files";
			sourceTree = "<group>";
		};
		A160E2B62F9405D37538A616 /* Pods */ = {
			isa = PBXGroup;
			children = (
				6551B0BF729A8C7CBAEACA5A /* Pods-Project 4 Clark Branden.debug.xcconfig */,
				B9A2E0EA66E4395895DA63F2 /* Pods-Project 4 Clark Branden.release.xcconfig */,
			);
			name = Pods;
			sourceTree = "<group>";
		};
/* End PBXGroup section */

/* Begin PBXNativeTarget section */
		84D5A81121B0C2710057F486 /* Project 4 Clark Branden */ = {
			isa = PBXNativeTarget;
			buildConfigurationList = 84D5A82421B0C2730057F486 /* Build configuration list for PBXNativeTarget "Project 4 Clark Branden" */;
			buildPhases = (
				890B44AC46B0B1D00EB76CCA /* [CP] Check Pods Manifest.lock */,
				84D5A80E21B0C2710057F486 /* Sources */,
				84D5A80F21B0C2710057F486 /* Frameworks */,
				84D5A81021B0C2710057F486 /* Resources */,
				67A114993B1EC99F6B15F45E /* [CP] Embed Pods Frameworks */,
			);
			buildRules = (
			);
			dependencies = (
			);
			name = "Project 4 Clark Branden";
			productName = "Project 4 Clark Branden";
			productReference = 84D5A81221B0C2720057F486 /* Project 4 Clark Branden.app */;
			productType = "com.apple.product-type.application";
		};
/* End PBXNativeTarget section */

/* Begin PBXProject section */
		84D5A80A21B0C2710057F486 /* Project object */ = {
			isa = PBXProject;
			attributes = {
				LastSwiftUpdateCheck = 1010;
				LastUpgradeCheck = 1010;
				ORGANIZATIONNAME = "Branden Clark";
				TargetAttributes = {
					84D5A81121B0C2710057F486 = {
						CreatedOnToolsVersion = 10.1;
					};
				};
			};
			buildConfigurationList = 84D5A80D21B0C2710057F486 /* Build configuration list for PBXProject "Project 4 Clark Branden" */;
			compatibilityVersion = "Xcode 9.3";
			developmentRegion = en;
			hasScannedForEncodings = 0;
			knownRegions = (
				en,
				Base,
			);
			mainGroup = 84D5A80921B0C2710057F486;
			productRefGroup = 84D5A81321B0C2720057F486 /* Products */;
			projectDirPath = "";
			projectRoot = "";
			targets = (
				84D5A81121B0C2710057F486 /* Project 4 Clark Branden */,
			);
		};
/* End PBXProject section */

/* Begin PBXResourcesBuildPhase section */
		84D5A81021B0C2710057F486 /* Resources */ = {
			isa = PBXResourcesBuildPhase;
			buildActionMask = 2147483647;
			files = (
				84D5A82021B0C2730057F486 /* LaunchScreen.storyboard in Resources */,
				84D5A81D21B0C2730057F486 /* Assets.xcassets in Resources */,
				84D5A81B21B0C2720057F486 /* Main.storyboard in Resources */,
			);
			runOnlyForDeploymentPostprocessing = 0;
		};
/* End PBXResourcesBuildPhase section */

/* Begin PBXShellScriptBuildPhase section */
		67A114993B1EC99F6B15F45E /* [CP] Embed Pods Frameworks */ = {
			isa = PBXShellScriptBuildPhase;
			buildActionMask = 2147483647;
			files = (
			);
			inputFileListPaths = (
			);
			inputPaths = (
				"${SRCROOT}/Pods/Target Support Files/Pods-Project 4 Clark Branden/Pods-Project 4 Clark Branden-frameworks.sh",
				"${BUILT_PRODUCTS_DIR}/GRDB.swift/GRDB.framework",
			);
			name = "[CP] Embed Pods Frameworks";
			outputFileListPaths = (
			);
			outputPaths = (
				"${TARGET_BUILD_DIR}/${FRAMEWORKS_FOLDER_PATH}/GRDB.framework",
			);
			runOnlyForDeploymentPostprocessing = 0;
			shellPath = /bin/sh;
			shellScript = "\"${SRCROOT}/Pods/Target Support Files/Pods-Project 4 Clark Branden/Pods-Project 4 Clark Branden-frameworks.sh\"\n";
			showEnvVarsInLog = 0;
		};
		890B44AC46B0B1D00EB76CCA /* [CP] Check Pods Manifest.lock */ = {
			isa = PBXShellScriptBuildPhase;
			buildActionMask = 2147483647;
			files = (
			);
			inputFileListPaths = (
			);
			inputPaths = (
				"${PODS_PODFILE_DIR_PATH}/Podfile.lock",
				"${PODS_ROOT}/Manifest.lock",
			);
			name = "[CP] Check Pods Manifest.lock";
			outputFileListPaths = (
			);
			outputPaths = (
				"$(DERIVED_FILE_DIR)/Pods-Project 4 Clark Branden-checkManifestLockResult.txt",
			);
			runOnlyForDeploymentPostprocessing = 0;
			shellPath = /bin/sh;
			shellScript = "diff \"${PODS_PODFILE_DIR_PATH}/Podfile.lock\" \"${PODS_ROOT}/Manifest.lock\" > /dev/null\nif [ $? != 0 ] ; then\n    # print error to STDERR\n    echo \"error: The sandbox is not in sync with the Podfile.lock. Run 'pod install' or update your CocoaPods installation.\" >&2\n    exit 1\nfi\n# This output is used by Xcode 'outputs' to avoid re-running this script phase.\necho \"SUCCESS\" > \"${SCRIPT_OUTPUT_FILE_0}\"\n";
			showEnvVarsInLog = 0;
		};
/* End PBXShellScriptBuildPhase section */

/* Begin PBXSourcesBuildPhase section */
		84D5A80E21B0C2710057F486 /* Sources */ = {
			isa = PBXSourcesBuildPhase;
			buildActionMask = 2147483647;
			files = (
				8488482821B9E97D00AEEF39 /* NewJobController.swift in Sources */,
				846435D421B89D0300972E6A /* JobDetailController.swift in Sources */,
				84D5A81621B0C2720057F486 /* AppDelegate.swift in Sources */,
				846435D821B89D8200972E6A /* JobListController.swift in Sources */,
				84D5A82D21B0C5050057F486 /* Equipment.swift in Sources */,
				84D5A82F21B0C50E0057F486 /* Job.swift in Sources */,
				847752A521BC4ED300D42945 /* EquipmentManagerDatabase.swift in Sources */,
			);
			runOnlyForDeploymentPostprocessing = 0;
		};
/* End PBXSourcesBuildPhase section */

/* Begin PBXVariantGroup section */
		84D5A81921B0C2720057F486 /* Main.storyboard */ = {
			isa = PBXVariantGroup;
			children = (
				84D5A81A21B0C2720057F486 /* Base */,
			);
			name = Main.storyboard;
			sourceTree = "<group>";
		};
		84D5A81E21B0C2730057F486 /* LaunchScreen.storyboard */ = {
			isa = PBXVariantGroup;
			children = (
				84D5A81F21B0C2730057F486 /* Base */,
			);
			name = LaunchScreen.storyboard;
			sourceTree = "<group>";
		};
/* End PBXVariantGroup section */

/* Begin XCBuildConfiguration section */
		84D5A82221B0C2730057F486 /* Debug */ = {
			isa = XCBuildConfiguration;
			buildSettings = {
				ALWAYS_SEARCH_USER_PATHS = NO;
				CLANG_ANALYZER_NONNULL = YES;
				CLANG_ANALYZER_NUMBER_OBJECT_CONVERSION = YES_AGGRESSIVE;
				CLANG_CXX_LANGUAGE_STANDARD = "gnu++14";
				CLANG_CXX_LIBRARY = "libc++";
				CLANG_ENABLE_MODULES = YES;
				CLANG_ENABLE_OBJC_ARC = YES;
				CLANG_ENABLE_OBJC_WEAK = YES;
				CLANG_WARN_BLOCK_CAPTURE_AUTORELEASING = YES;
				CLANG_WARN_BOOL_CONVERSION = YES;
				CLANG_WARN_COMMA = YES;
				CLANG_WARN_CONSTANT_CONVERSION = YES;
				CLANG_WARN_DEPRECATED_OBJC_IMPLEMENTATIONS = YES;
				CLANG_WARN_DIRECT_OBJC_ISA_USAGE = YES_ERROR;
				CLANG_WARN_DOCUMENTATION_COMMENTS = YES;
				CLANG_WARN_EMPTY_BODY = YES;
				CLANG_WARN_ENUM_CONVERSION = YES;
				CLANG_WARN_INFINITE_RECURSION = YES;
				CLANG_WARN_INT_CONVERSION = YES;
				CLANG_WARN_NON_LITERAL_NULL_CONVERSION = YES;
				CLANG_WARN_OBJC_IMPLICIT_RETAIN_SELF = YES;
				CLANG_WARN_OBJC_LITERAL_CONVERSION = YES;
				CLANG_WARN_OBJC_ROOT_CLASS = YES_ERROR;
				CLANG_WARN_RANGE_LOOP_ANALYSIS = YES;
				CLANG_WARN_STRICT_PROTOTYPES = YES;
				CLANG_WARN_SUSPICIOUS_MOVE = YES;
				CLANG_WARN_UNGUARDED_AVAILABILITY = YES_AGGRESSIVE;
				CLANG_WARN_UNREACHABLE_CODE = YES;
				CLANG_WARN__DUPLICATE_METHOD_MATCH = YES;
				CODE_SIGN_IDENTITY = "iPhone Developer";
				COPY_PHASE_STRIP = NO;
				DEBUG_INFORMATION_FORMAT = dwarf;
				ENABLE_STRICT_OBJC_MSGSEND = YES;
				ENABLE_TESTABILITY = YES;
				GCC_C_LANGUAGE_STANDARD = gnu11;
				GCC_DYNAMIC_NO_PIC = NO;
				GCC_NO_COMMON_BLOCKS = YES;
				GCC_OPTIMIZATION_LEVEL = 0;
				GCC_PREPROCESSOR_DEFINITIONS = (
					"DEBUG=1",
					"$(inherited)",
				);
				GCC_WARN_64_TO_32_BIT_CONVERSION = YES;
				GCC_WARN_ABOUT_RETURN_TYPE = YES_ERROR;
				GCC_WARN_UNDECLARED_SELECTOR = YES;
				GCC_WARN_UNINITIALIZED_AUTOS = YES_AGGRESSIVE;
				GCC_WARN_UNUSED_FUNCTION = YES;
				GCC_WARN_UNUSED_VARIABLE = YES;
				IPHONEOS_DEPLOYMENT_TARGET = 12.1;
				MTL_ENABLE_DEBUG_INFO = INCLUDE_SOURCE;
				MTL_FAST_MATH = YES;
				ONLY_ACTIVE_ARCH = YES;
				SDKROOT = iphoneos;
				SWIFT_ACTIVE_COMPILATION_CONDITIONS = DEBUG;
				SWIFT_OPTIMIZATION_LEVEL = "-Onone";
			};
			name = Debug;
		};
		84D5A82321B0C2730057F486 /* Release */ = {
			isa = XCBuildConfiguration;
			buildSettings = {
				ALWAYS_SEARCH_USER_PATHS = NO;
				CLANG_ANALYZER_NONNULL = YES;
				CLANG_ANALYZER_NUMBER_OBJECT_CONVERSION = YES_AGGRESSIVE;
				CLANG_CXX_LANGUAGE_STANDARD = "gnu++14";
				CLANG_CXX_LIBRARY = "libc++";
				CLANG_ENABLE_MODULES = YES;
				CLANG_ENABLE_OBJC_ARC = YES;
				CLANG_ENABLE_OBJC_WEAK = YES;
				CLANG_WARN_BLOCK_CAPTURE_AUTORELEASING = YES;
				CLANG_WARN_BOOL_CONVERSION = YES;
				CLANG_WARN_COMMA = YES;
				CLANG_WARN_CONSTANT_CONVERSION = YES;
				CLANG_WARN_DEPRECATED_OBJC_IMPLEMENTATIONS = YES;
				CLANG_WARN_DIRECT_OBJC_ISA_USAGE = YES_ERROR;
				CLANG_WARN_DOCUMENTATION_COMMENTS = YES;
				CLANG_WARN_EMPTY_BODY = YES;
				CLANG_WARN_ENUM_CONVERSION = YES;
				CLANG_WARN_INFINITE_RECURSION = YES;
				CLANG_WARN_INT_CONVERSION = YES;
				CLANG_WARN_NON_LITERAL_NULL_CONVERSION = YES;
				CLANG_WARN_OBJC_IMPLICIT_RETAIN_SELF = YES;
				CLANG_WARN_OBJC_LITERAL_CONVERSION = YES;
				CLANG_WARN_OBJC_ROOT_CLASS = YES_ERROR;
				CLANG_WARN_RANGE_LOOP_ANALYSIS = YES;
				CLANG_WARN_STRICT_PROTOTYPES = YES;
				CLANG_WARN_SUSPICIOUS_MOVE = YES;
				CLANG_WARN_UNGUARDED_AVAILABILITY = YES_AGGRESSIVE;
				CLANG_WARN_UNREACHABLE_CODE = YES;
				CLANG_WARN__DUPLICATE_METHOD_MATCH = YES;
				CODE_SIGN_IDENTITY = "iPhone Developer";
				COPY_PHASE_STRIP = NO;
				DEBUG_INFORMATION_FORMAT = "dwarf-with-dsym";
				ENABLE_NS_ASSERTIONS = NO;
				ENABLE_STRICT_OBJC_MSGSEND = YES;
				GCC_C_LANGUAGE_STANDARD = gnu11;
				GCC_NO_COMMON_BLOCKS = YES;
				GCC_WARN_64_TO_32_BIT_CONVERSION = YES;
				GCC_WARN_ABOUT_RETURN_TYPE = YES_ERROR;
				GCC_WARN_UNDECLARED_SELECTOR = YES;
				GCC_WARN_UNINITIALIZED_AUTOS = YES_AGGRESSIVE;
				GCC_WARN_UNUSED_FUNCTION = YES;
				GCC_WARN_UNUSED_VARIABLE = YES;
				IPHONEOS_DEPLOYMENT_TARGET = 12.1;
				MTL_ENABLE_DEBUG_INFO = NO;
				MTL_FAST_MATH = YES;
				SDKROOT = iphoneos;
				SWIFT_COMPILATION_MODE = wholemodule;
				SWIFT_OPTIMIZATION_LEVEL = "-O";
				VALIDATE_PRODUCT = YES;
			};
			name = Release;
		};
		84D5A82521B0C2730057F486 /* Debug */ = {
			isa = XCBuildConfiguration;
			baseConfigurationReference = 6551B0BF729A8C7CBAEACA5A /* Pods-Project 4 Clark Branden.debug.xcconfig */;
			buildSettings = {
				ASSETCATALOG_COMPILER_APPICON_NAME = AppIcon;
				CODE_SIGN_STYLE = Automatic;
				DEVELOPMENT_TEAM = TZTJ99S38C;
				INFOPLIST_FILE = "Project 4 Clark Branden/Info.plist";
				LD_RUNPATH_SEARCH_PATHS = (
					"$(inherited)",
					"@executable_path/Frameworks",
				);
				PRODUCT_BUNDLE_IDENTIFIER = "com.bmoney.Project-4-Clark-Branden";
				PRODUCT_NAME = "$(TARGET_NAME)";
				SWIFT_VERSION = 4.2;
				TARGETED_DEVICE_FAMILY = "1,2";
			};
			name = Debug;
		};
		84D5A82621B0C2730057F486 /* Release */ = {
			isa = XCBuildConfiguration;
			baseConfigurationReference = B9A2E0EA66E4395895DA63F2 /* Pods-Project 4 Clark Branden.release.xcconfig */;
			buildSettings = {
				ASSETCATALOG_COMPILER_APPICON_NAME = AppIcon;
				CODE_SIGN_STYLE = Automatic;
				DEVELOPMENT_TEAM = TZTJ99S38C;
				INFOPLIST_FILE = "Project 4 Clark Branden/Info.plist";
				LD_RUNPATH_SEARCH_PATHS = (
					"$(inherited)",
					"@executable_path/Frameworks",
				);
				PRODUCT_BUNDLE_IDENTIFIER = "com.bmoney.Project-4-Clark-Branden";
				PRODUCT_NAME = "$(TARGET_NAME)";
				SWIFT_VERSION = 4.2;
				TARGETED_DEVICE_FAMILY = "1,2";
			};
			name = Release;
		};
/* End XCBuildConfiguration section */

/* Begin XCConfigurationList section */
		84D5A80D21B0C2710057F486 /* Build configuration list for PBXProject "Project 4 Clark Branden" */ = {
			isa = XCConfigurationList;
			buildConfigurations = (
				84D5A82221B0C2730057F486 /* Debug */,
				84D5A82321B0C2730057F486 /* Release */,
			);
			defaultConfigurationIsVisible = 0;
			defaultConfigurationName = Release;
		};
		84D5A82421B0C2730057F486 /* Build configuration list for PBXNativeTarget "Project 4 Clark Branden" */ = {
			isa = XCConfigurationList;
			buildConfigurations = (
				84D5A82521B0C2730057F486 /* Debug */,
				84D5A82621B0C2730057F486 /* Release */,
			);
			defaultConfigurationIsVisible = 0;
			defaultConfigurationName = Release;
		};
/* End XCConfigurationList section */
	};
	rootObject = 84D5A80A21B0C2710057F486 /* Project object */;
}
